<?xml version="1.0" encoding="UTF-8" standalone="yes" ?>
<CodeBlocks_project_file>
	<FileVersion major="1" minor="6" />
	<Project>
		<Option title="teapot" />
		<Option pch_mode="2" />
		<Option compiler="gcc" />
		<Build>
			<Target title="Debug">
				<Option output="bin/Debug/teapot" prefix_auto="1" extension_auto="1" />
				<Option object_output="obj/Debug/" />
				<Option type="1" />
				<Option compiler="gcc" />
				<Compiler>
					<Add option="-g" />
				</Compiler>
			</Target>
			<Target title="Release">
				<Option output="bin/Release/teapot" prefix_auto="1" extension_auto="1" />
				<Option object_output="obj/Release/" />
				<Option type="1" />
				<Option compiler="gcc" />
				<Compiler>
					<Add option="-O2" />
				</Compiler>
				<Linker>
					<Add option="-s" />
				</Linker>
			</Target>
		</Build>
		<Compiler>
			<Add option="-Wall" />
		</Compiler>
		<Linker>
			<Add library="freeglut" />
			<Add library="glew32" />
			<Add library="glfw3" />
			<Add library="opengl32" />
			<Add library="gdi32" />
		</Linker>
		<Unit filename="App.cpp" />
		<Unit filename="App.h" />
		<Unit filename="Rectangle.h" />
		<Unit filename="RenderSystem.cpp" />
		<Unit filename="RenderSystem.h" />
		<Unit filename="Shader.cpp" />
		<Unit filename="Shader.h" />
		<Unit filename="Teapot.h" />
		<Unit filename="Utility.h" />
		<Unit filename="ch09-02-Tess-Teapot.cpp" />
		<Unit filename="mat.h" />
		<Unit filename="rectangle.cpp" />
		<Unit filename="teapot.frag" />
		<Unit filename="teapot.tcs" />
		<Unit filename="teapot.tes" />
		<Unit filename="teapot.vert" />
		<Unit filename="triangle.h" />
		<Unit filename="vec.h" />
		<Extensions>
			<code_completion />
			<envvars />
			<debugger />
			<lib_finder disable_auto="1" />
		</Extensions>
	</Project>
</CodeBlocks_project_file>
